schema: '2.0'
stages:
  load_data:
    cmd: python src/load_data.py --config=params.yaml
    deps:
    - path: data_given/SAHeart.csv
      md5: d75f04274cb6fb8dce4662ed762a5621
      size: 22761
    - path: src/get_data.py
      md5: cd5029035165f4cdebb4f105ef891912
      size: 774
    - path: src/load_data.py
      md5: fd8ed8a4e1d3a7733c33f274a42ba1db
      size: 693
    outs:
    - path: data/raw/SAHeart.csv
      md5: 9bcb4424eea864e13d075f2f0e17cea9
      size: 19013
  split_data:
    cmd: python src/split_data.py --config=params.yaml
    deps:
    - path: data/raw/SAHeart.csv
      md5: 9bcb4424eea864e13d075f2f0e17cea9
      size: 19013
    - path: src/split_data.py
      md5: 110348167b9411f03fde6ee590d766ea
      size: 1104
    outs:
    - path: data/processed/test_SAHeart.csv
      md5: 976cd136e6c94ec5555a75604da06c4b
      size: 4828
    - path: data/processed/train_SAHeart.csv
      md5: 119451e2cff42aa2c0ea4a06b9fd20df
      size: 14257
  train_and_evaluate:
    cmd:
    - python src/train_and_evaluate.py --config=params.yaml
    - dvc plots show
    deps:
    - path: data/processed/test_SAHeart.csv
      md5: 976cd136e6c94ec5555a75604da06c4b
      size: 4828
    - path: data/processed/train_SAHeart.csv
      md5: 119451e2cff42aa2c0ea4a06b9fd20df
      size: 14257
    - path: src/train_and_evaluate.py
      md5: e8169cc1c8bd1042c0ed72182a4ccdec
      size: 6147
    outs:
    - path: cm.csv
      md5: 9469e2089bc8abd5aae6a4d0e7fe865d
      size: 595
    - path: report/prc.json
      md5: 4e52002fc79e92074e185d48cdce823e
      size: 280
    - path: report/roc.json
      md5: baab1ebd7ef866fb98d9b6eb3f0cdcee
      size: 359
    - path: report/scores.json
      md5: 2150b3108b5ef8d421cc8a09d1fd413c
      size: 162
    - path: saved_models/model.joblib
      md5: 44f3917cd4013b22345d21a15e26d706
      size: 859
